
Microsoft Visual Studio Solution File, Format Version 12.00
# Visual Studio Version 16
VisualStudioVersion = 16.0.810.19
MinimumVisualStudioVersion = 10.0.40219.1
Project("{FAE04EC0-301F-11D3-BF4B-00C04F79EFBC}") = "LD7", "LD7\LD7.csproj", "{6F63AF76-8C0F-4FC8-9115-62CB328757D1}"
EndProject
Global
	GlobalSection(SolutionConfigurationPlatforms) = preSolution
		Debug|Any CPU = Debug|Any CPU
		Release|Any CPU = Release|Any CPU
	EndGlobalSection
	GlobalSection(ProjectConfigurationPlatforms) = postSolution
		{6F63AF76-8C0F-4FC8-9115-62CB328757D1}.Debug|Any CPU.ActiveCfg = Debug|Any CPU
		{6F63AF76-8C0F-4FC8-9115-62CB328757D1}.Debug|Any CPU.Build.0 = Debug|Any CPU
		{6F63AF76-8C0F-4FC8-9115-62CB328757D1}.Release|Any CPU.ActiveCfg = Release|Any CPU
		{6F63AF76-8C0F-4FC8-9115-62CB328757D1}.Release|Any CPU.Build.0 = Release|Any CPU
	EndGlobalSection
	GlobalSection(SolutionProperties) = preSolution
		HideSolutionNode = FALSE
	EndGlobalSection
	GlobalSection(ExtensibilityGlobals) = postSolution
		SolutionGuid = {11843BB5-A761-4AC8-A7F6-72CAA647BDC0}
	EndGlobalSection
EndGlobal
